// !$*UTF8*$!
{
	archiveVersion = 1;
	classes = {
	};
	objectVersion = 55;
	objects = {

/* Begin PBXBuildFile section */
		2D2A4BAA28EA14320068FC11 /* gameFunction.swift in Sources */ = {isa = PBXBuildFile; fileRef = 2D2A4BA928EA14320068FC11 /* gameFunction.swift */; };
		2D2A4BAC28EB9EE10068FC11 /* CardView.swift in Sources */ = {isa = PBXBuildFile; fileRef = 2D2A4BAB28EB9EE10068FC11 /* CardView.swift */; };
		2D62757B28E8769E00F1AD80 /* BlackJackApp.swift in Sources */ = {isa = PBXBuildFile; fileRef = 2D62756B28E8769C00F1AD80 /* BlackJackApp.swift */; };
		2D62757C28E8769E00F1AD80 /* BlackJackApp.swift in Sources */ = {isa = PBXBuildFile; fileRef = 2D62756B28E8769C00F1AD80 /* BlackJackApp.swift */; };
		2D62757D28E8769E00F1AD80 /* ContentView.swift in Sources */ = {isa = PBXBuildFile; fileRef = 2D62756C28E8769C00F1AD80 /* ContentView.swift */; };
		2D62757E28E8769E00F1AD80 /* ContentView.swift in Sources */ = {isa = PBXBuildFile; fileRef = 2D62756C28E8769C00F1AD80 /* ContentView.swift */; };
		2D62757F28E8769E00F1AD80 /* Assets.xcassets in Resources */ = {isa = PBXBuildFile; fileRef = 2D62756D28E8769E00F1AD80 /* Assets.xcassets */; };
		2D62758028E8769E00F1AD80 /* Assets.xcassets in Resources */ = {isa = PBXBuildFile; fileRef = 2D62756D28E8769E00F1AD80 /* Assets.xcassets */; };
		2D62758A28E8C01F00F1AD80 /* Card.swift in Sources */ = {isa = PBXBuildFile; fileRef = 2D62758928E8C01F00F1AD80 /* Card.swift */; };
		2D62758B28E8C01F00F1AD80 /* Card.swift in Sources */ = {isa = PBXBuildFile; fileRef = 2D62758928E8C01F00F1AD80 /* Card.swift */; };
/* End PBXBuildFile section */

/* Begin PBXFileReference section */
		2D2A4BA928EA14320068FC11 /* gameFunction.swift */ = {isa = PBXFileReference; lastKnownFileType = sourcecode.swift; path = gameFunction.swift; sourceTree = "<group>"; };
		2D2A4BAB28EB9EE10068FC11 /* CardView.swift */ = {isa = PBXFileReference; lastKnownFileType = sourcecode.swift; path = CardView.swift; sourceTree = "<group>"; };
		2D62756B28E8769C00F1AD80 /* BlackJackApp.swift */ = {isa = PBXFileReference; lastKnownFileType = sourcecode.swift; path = BlackJackApp.swift; sourceTree = "<group>"; };
		2D62756C28E8769C00F1AD80 /* ContentView.swift */ = {isa = PBXFileReference; lastKnownFileType = sourcecode.swift; path = ContentView.swift; sourceTree = "<group>"; };
		2D62756D28E8769E00F1AD80 /* Assets.xcassets */ = {isa = PBXFileReference; lastKnownFileType = folder.assetcatalog; path = Assets.xcassets; sourceTree = "<group>"; };
		2D62757228E8769E00F1AD80 /* BlackJack.app */ = {isa = PBXFileReference; explicitFileType = wrapper.application; includeInIndex = 0; path = BlackJack.app; sourceTree = BUILT_PRODUCTS_DIR; };
		2D62757828E8769E00F1AD80 /* BlackJack.app */ = {isa = PBXFileReference; explicitFileType = wrapper.application; includeInIndex = 0; path = BlackJack.app; sourceTree = BUILT_PRODUCTS_DIR; };
		2D62757A28E8769E00F1AD80 /* macOS.entitlements */ = {isa = PBXFileReference; lastKnownFileType = text.plist.entitlements; path = macOS.entitlements; sourceTree = "<group>"; };
		2D62758928E8C01F00F1AD80 /* Card.swift */ = {isa = PBXFileReference; lastKnownFileType = sourcecode.swift; path = Card.swift; sourceTree = "<group>"; };
		2D62758F28E9419D00F1AD80 /* README.md */ = {isa = PBXFileReference; lastKnownFileType = net.daringfireball.markdown; path = README.md; sourceTree = "<group>"; };
/* End PBXFileReference section */

/* Begin PBXFrameworksBuildPhase section */
		2D62756F28E8769E00F1AD80 /* Frameworks */ = {
			isa = PBXFrameworksBuildPhase;
			buildActionMask = 2147483647;
			files = (
			);
			runOnlyForDeploymentPostprocessing = 0;
		};
		2D62757528E8769E00F1AD80 /* Frameworks */ = {
			isa = PBXFrameworksBuildPhase;
			buildActionMask = 2147483647;
			files = (
			);
			runOnlyForDeploymentPostprocessing = 0;
		};
/* End PBXFrameworksBuildPhase section */

/* Begin PBXGroup section */
		2D62756528E8769C00F1AD80 = {
			isa = PBXGroup;
			children = (
				2D2A4BAB28EB9EE10068FC11 /* CardView.swift */,
				2D62756A28E8769C00F1AD80 /* Shared */,
				2D62757928E8769E00F1AD80 /* macOS */,
				2D62757328E8769E00F1AD80 /* Products */,
			);
			sourceTree = "<group>";
		};
		2D62756A28E8769C00F1AD80 /* Shared */ = {
			isa = PBXGroup;
			children = (
				2D2A4BA928EA14320068FC11 /* gameFunction.swift */,
				2D62756B28E8769C00F1AD80 /* BlackJackApp.swift */,
				2D62756C28E8769C00F1AD80 /* ContentView.swift */,
				2D62758F28E9419D00F1AD80 /* README.md */,
				2D62758928E8C01F00F1AD80 /* Card.swift */,
				2D62756D28E8769E00F1AD80 /* Assets.xcassets */,
			);
			path = Shared;
			sourceTree = "<group>";
		};
		2D62757328E8769E00F1AD80 /* Products */ = {
			isa = PBXGroup;
			children = (
				2D62757228E8769E00F1AD80 /* BlackJack.app */,
				2D62757828E8769E00F1AD80 /* BlackJack.app */,
			);
			name = Products;
			sourceTree = "<group>";
		};
		2D62757928E8769E00F1AD80 /* macOS */ = {
			isa = PBXGroup;
			children = (
				2D62757A28E8769E00F1AD80 /* macOS.entitlements */,
			);
			path = macOS;
			sourceTree = "<group>";
		};
/* End PBXGroup section */

/* Begin PBXNativeTarget section */
		2D62757128E8769E00F1AD80 /* BlackJack (iOS) */ = {
			isa = PBXNativeTarget;
			buildConfigurationList = 2D62758328E8769E00F1AD80 /* Build configuration list for PBXNativeTarget "BlackJack (iOS)" */;
			buildPhases = (
				2D62756E28E8769E00F1AD80 /* Sources */,
				2D62756F28E8769E00F1AD80 /* Frameworks */,
				2D62757028E8769E00F1AD80 /* Resources */,
			);
			buildRules = (
			);
			dependencies = (
			);
			name = "BlackJack (iOS)";
			productName = "BlackJack (iOS)";
			productReference = 2D62757228E8769E00F1AD80 /* BlackJack.app */;
			productType = "com.apple.product-type.application";
		};
		2D62757728E8769E00F1AD80 /* BlackJack (macOS) */ = {
			isa = PBXNativeTarget;
			buildConfigurationList = 2D62758628E8769E00F1AD80 /* Build configuration list for PBXNativeTarget "BlackJack (macOS)" */;
			buildPhases = (
				2D62757428E8769E00F1AD80 /* Sources */,
				2D62757528E8769E00F1AD80 /* Frameworks */,
				2D62757628E8769E00F1AD80 /* Resources */,
			);
			buildRules = (
			);
			dependencies = (
			);
			name = "BlackJack (macOS)";
			productName = "BlackJack (macOS)";
			productReference = 2D62757828E8769E00F1AD80 /* BlackJack.app */;
			productType = "com.apple.product-type.application";
		};
/* End PBXNativeTarget section */

/* Begin PBXProject section */
		2D62756628E8769C00F1AD80 /* Project object */ = {
			isa = PBXProject;
			attributes = {
				BuildIndependentTargetsInParallel = 1;
				LastSwiftUpdateCheck = 1340;
				LastUpgradeCheck = 1340;
				TargetAttributes = {
					2D62757128E8769E00F1AD80 = {
						CreatedOnToolsVersion = 13.4.1;
					};
					2D62757728E8769E00F1AD80 = {
						CreatedOnToolsVersion = 13.4.1;
					};
				};
			};
			buildConfigurationList = 2D62756928E8769C00F1AD80 /* Build configuration list for PBXProject "BlackJack" */;
			compatibilityVersion = "Xcode 13.0";
			developmentRegion = en;
			hasScannedForEncodings = 0;
			knownRegions = (
				en,
				Base,
			);
			mainGroup = 2D62756528E8769C00F1AD80;
			productRefGroup = 2D62757328E8769E00F1AD80 /* Products */;
			projectDirPath = "";
			projectRoot = "";
			targets = (
				2D62757128E8769E00F1AD80 /* BlackJack (iOS) */,
				2D62757728E8769E00F1AD80 /* BlackJack (macOS) */,
			);
		};
/* End PBXProject section */

/* Begin PBXResourcesBuildPhase section */
		2D62757028E8769E00F1AD80 /* Resources */ = {
			isa = PBXResourcesBuildPhase;
			buildActionMask = 2147483647;
			files = (
				2D62757F28E8769E00F1AD80 /* Assets.xcassets in Resources */,
			);
			runOnlyForDeploymentPostprocessing = 0;
		};
		2D62757628E8769E00F1AD80 /* Resources */ = {
			isa = PBXResourcesBuildPhase;
			buildActionMask = 2147483647;
			files = (
				2D62758028E8769E00F1AD80 /* Assets.xcassets in Resources */,
			);
			runOnlyForDeploymentPostprocessing = 0;
		};
/* End PBXResourcesBuildPhase section */

/* Begin PBXSourcesBuildPhase section */
		2D62756E28E8769E00F1AD80 /* Sources */ = {
			isa = PBXSourcesBuildPhase;
			buildActionMask = 2147483647;
			files = (
				2D2A4BAA28EA14320068FC11 /* gameFunction.swift in Sources */,
				2D62757D28E8769E00F1AD80 /* ContentView.swift in Sources */,
				2D62758A28E8C01F00F1AD80 /* Card.swift in Sources */,
				2D62757B28E8769E00F1AD80 /* BlackJackApp.swift in Sources */,
				2D2A4BAC28EB9EE10068FC11 /* CardView.swift in Sources */,
			);
			runOnlyForDeploymentPostprocessing = 0;
		};
		2D62757428E8769E00F1AD80 /* Sources */ = {
			isa = PBXSourcesBuildPhase;
			buildActionMask = 2147483647;
			files = (
				2D62757E28E8769E00F1AD80 /* ContentView.swift in Sources */,
				2D62758B28E8C01F00F1AD80 /* Card.swift in Sources */,
				2D62757C28E8769E00F1AD80 /* BlackJackApp.swift in Sources */,
			);
			runOnlyForDeploymentPostprocessing = 0;
		};
/* End PBXSourcesBuildPhase section */

/* Begin XCBuildConfiguration section */
		2D62758128E8769E00F1AD80 /* Debug */ = {
			isa = XCBuildConfiguration;
			buildSettings = {
				ALWAYS_SEARCH_USER_PATHS = NO;
				CLANG_ANALYZER_NONNULL = YES;
				CLANG_ANALYZER_NUMBER_OBJECT_CONVERSION = YES_AGGRESSIVE;
				CLANG_CXX_LANGUAGE_STANDARD = "gnu++17";
				CLANG_ENABLE_MODULES = YES;
				CLANG_ENABLE_OBJC_ARC = YES;
				CLANG_ENABLE_OBJC_WEAK = YES;
				CLANG_WARN_BLOCK_CAPTURE_AUTORELEASING = YES;
				CLANG_WARN_BOOL_CONVERSION = YES;
				CLANG_WARN_COMMA = YES;
				CLANG_WARN_CONSTANT_CONVERSION = YES;
				CLANG_WARN_DEPRECATED_OBJC_IMPLEMENTATIONS = YES;
				CLANG_WARN_DIRECT_OBJC_ISA_USAGE = YES_ERROR;
				CLANG_WARN_DOCUMENTATION_COMMENTS = YES;
				CLANG_WARN_EMPTY_BODY = YES;
				CLANG_WARN_ENUM_CONVERSION = YES;
				CLANG_WARN_INFINITE_RECURSION = YES;
				CLANG_WARN_INT_CONVERSION = YES;
				CLANG_WARN_NON_LITERAL_NULL_CONVERSION = YES;
				CLANG_WARN_OBJC_IMPLICIT_RETAIN_SELF = YES;
				CLANG_WARN_OBJC_LITERAL_CONVERSION = YES;
				CLANG_WARN_OBJC_ROOT_CLASS = YES_ERROR;
				CLANG_WARN_QUOTED_INCLUDE_IN_FRAMEWORK_HEADER = YES;
				CLANG_WARN_RANGE_LOOP_ANALYSIS = YES;
				CLANG_WARN_STRICT_PROTOTYPES = YES;
				CLANG_WARN_SUSPICIOUS_MOVE = YES;
				CLANG_WARN_UNGUARDED_AVAILABILITY = YES_AGGRESSIVE;
				CLANG_WARN_UNREACHABLE_CODE = YES;
				CLANG_WARN__DUPLICATE_METHOD_MATCH = YES;
				COPY_PHASE_STRIP = NO;
				DEBUG_INFORMATION_FORMAT = dwarf;
				ENABLE_STRICT_OBJC_MSGSEND = YES;
				ENABLE_TESTABILITY = YES;
				GCC_C_LANGUAGE_STANDARD = gnu11;
				GCC_DYNAMIC_NO_PIC = NO;
				GCC_NO_COMMON_BLOCKS = YES;
				GCC_OPTIMIZATION_LEVEL = 0;
				GCC_PREPROCESSOR_DEFINITIONS = (
					"DEBUG=1",
					"$(inherited)",
				);
				GCC_WARN_64_TO_32_BIT_CONVERSION = YES;
				GCC_WARN_ABOUT_RETURN_TYPE = YES_ERROR;
				GCC_WARN_UNDECLARED_SELECTOR = YES;
				GCC_WARN_UNINITIALIZED_AUTOS = YES_AGGRESSIVE;
				GCC_WARN_UNUSED_FUNCTION = YES;
				GCC_WARN_UNUSED_VARIABLE = YES;
				MTL_ENABLE_DEBUG_INFO = INCLUDE_SOURCE;
				MTL_FAST_MATH = YES;
				ONLY_ACTIVE_ARCH = YES;
				SWIFT_ACTIVE_COMPILATION_CONDITIONS = DEBUG;
				SWIFT_OPTIMIZATION_LEVEL = "-Onone";
			};
			name = Debug;
		};
		2D62758228E8769E00F1AD80 /* Release */ = {
			isa = XCBuildConfiguration;
			buildSettings = {
				ALWAYS_SEARCH_USER_PATHS = NO;
				CLANG_ANALYZER_NONNULL = YES;
				CLANG_ANALYZER_NUMBER_OBJECT_CONVERSION = YES_AGGRESSIVE;
				CLANG_CXX_LANGUAGE_STANDARD = "gnu++17";
				CLANG_ENABLE_MODULES = YES;
				CLANG_ENABLE_OBJC_ARC = YES;
				CLANG_ENABLE_OBJC_WEAK = YES;
				CLANG_WARN_BLOCK_CAPTURE_AUTORELEASING = YES;
				CLANG_WARN_BOOL_CONVERSION = YES;
				CLANG_WARN_COMMA = YES;
				CLANG_WARN_CONSTANT_CONVERSION = YES;
				CLANG_WARN_DEPRECATED_OBJC_IMPLEMENTATIONS = YES;
				CLANG_WARN_DIRECT_OBJC_ISA_USAGE = YES_ERROR;
				CLANG_WARN_DOCUMENTATION_COMMENTS = YES;
				CLANG_WARN_EMPTY_BODY = YES;
				CLANG_WARN_ENUM_CONVERSION = YES;
				CLANG_WARN_INFINITE_RECURSION = YES;
				CLANG_WARN_INT_CONVERSION = YES;
				CLANG_WARN_NON_LITERAL_NULL_CONVERSION = YES;
				CLANG_WARN_OBJC_IMPLICIT_RETAIN_SELF = YES;
				CLANG_WARN_OBJC_LITERAL_CONVERSION = YES;
				CLANG_WARN_OBJC_ROOT_CLASS = YES_ERROR;
				CLANG_WARN_QUOTED_INCLUDE_IN_FRAMEWORK_HEADER = YES;
				CLANG_WARN_RANGE_LOOP_ANALYSIS = YES;
				CLANG_WARN_STRICT_PROTOTYPES = YES;
				CLANG_WARN_SUSPICIOUS_MOVE = YES;
				CLANG_WARN_UNGUARDED_AVAILABILITY = YES_AGGRESSIVE;
				CLANG_WARN_UNREACHABLE_CODE = YES;
				CLANG_WARN__DUPLICATE_METHOD_MATCH = YES;
				COPY_PHASE_STRIP = NO;
				DEBUG_INFORMATION_FORMAT = "dwarf-with-dsym";
				ENABLE_NS_ASSERTIONS = NO;
				ENABLE_STRICT_OBJC_MSGSEND = YES;
				GCC_C_LANGUAGE_STANDARD = gnu11;
				GCC_NO_COMMON_BLOCKS = YES;
				GCC_WARN_64_TO_32_BIT_CONVERSION = YES;
				GCC_WARN_ABOUT_RETURN_TYPE = YES_ERROR;
				GCC_WARN_UNDECLARED_SELECTOR = YES;
				GCC_WARN_UNINITIALIZED_AUTOS = YES_AGGRESSIVE;
				GCC_WARN_UNUSED_FUNCTION = YES;
				GCC_WARN_UNUSED_VARIABLE = YES;
				MTL_ENABLE_DEBUG_INFO = NO;
				MTL_FAST_MATH = YES;
				SWIFT_COMPILATION_MODE = wholemodule;
				SWIFT_OPTIMIZATION_LEVEL = "-O";
			};
			name = Release;
		};
		2D62758428E8769E00F1AD80 /* Debug */ = {
			isa = XCBuildConfiguration;
			buildSettings = {
				ASSETCATALOG_COMPILER_APPICON_NAME = AppIcon;
				ASSETCATALOG_COMPILER_GLOBAL_ACCENT_COLOR_NAME = AccentColor;
				CODE_SIGN_STYLE = Automatic;
				CURRENT_PROJECT_VERSION = 1;
				ENABLE_PREVIEWS = YES;
				GENERATE_INFOPLIST_FILE = YES;
				INFOPLIST_KEY_UIApplicationSceneManifest_Generation = YES;
				INFOPLIST_KEY_UIApplicationSupportsIndirectInputEvents = YES;
				INFOPLIST_KEY_UILaunchScreen_Generation = YES;
				INFOPLIST_KEY_UISupportedInterfaceOrientations_iPad = "UIInterfaceOrientationPortrait UIInterfaceOrientationPortraitUpsideDown UIInterfaceOrientationLandscapeLeft UIInterfaceOrientationLandscapeRight";
				INFOPLIST_KEY_UISupportedInterfaceOrientations_iPhone = "UIInterfaceOrientationPortrait UIInterfaceOrientationLandscapeLeft UIInterfaceOrientationLandscapeRight";
				IPHONEOS_DEPLOYMENT_TARGET = 15.5;
				LD_RUNPATH_SEARCH_PATHS = (
					"$(inherited)",
					"@executable_path/Frameworks",
				);
				MARKETING_VERSION = 1.0;
				PRODUCT_BUNDLE_IDENTIFIER = bob.BlackJack;
				PRODUCT_NAME = BlackJack;
				SDKROOT = iphoneos;
				SWIFT_EMIT_LOC_STRINGS = YES;
				SWIFT_VERSION = 5.0;
				TARGETED_DEVICE_FAMILY = "1,2";
			};
			name = Debug;
		};
		2D62758528E8769E00F1AD80 /* Release */ = {
			isa = XCBuildConfiguration;
			buildSettings = {
				ASSETCATALOG_COMPILER_APPICON_NAME = AppIcon;
				ASSETCATALOG_COMPILER_GLOBAL_ACCENT_COLOR_NAME = AccentColor;
				CODE_SIGN_STYLE = Automatic;
				CURRENT_PROJECT_VERSION = 1;
				ENABLE_PREVIEWS = YES;
				GENERATE_INFOPLIST_FILE = YES;
				INFOPLIST_KEY_UIApplicationSceneManifest_Generation = YES;
				INFOPLIST_KEY_UIApplicationSupportsIndirectInputEvents = YES;
				INFOPLIST_KEY_UILaunchScreen_Generation = YES;
				INFOPLIST_KEY_UISupportedInterfaceOrientations_iPad = "UIInterfaceOrientationPortrait UIInterfaceOrientationPortraitUpsideDown UIInterfaceOrientationLandscapeLeft UIInterfaceOrientationLandscapeRight";
				INFOPLIST_KEY_UISupportedInterfaceOrientations_iPhone = "UIInterfaceOrientationPortrait UIInterfaceOrientationLandscapeLeft UIInterfaceOrientationLandscapeRight";
				IPHONEOS_DEPLOYMENT_TARGET = 15.5;
				LD_RUNPATH_SEARCH_PATHS = (
					"$(inherited)",
					"@executable_path/Frameworks",
				);
				MARKETING_VERSION = 1.0;
				PRODUCT_BUNDLE_IDENTIFIER = bob.BlackJack;
				PRODUCT_NAME = BlackJack;
				SDKROOT = iphoneos;
				SWIFT_EMIT_LOC_STRINGS = YES;
				SWIFT_VERSION = 5.0;
				TARGETED_DEVICE_FAMILY = "1,2";
				VALIDATE_PRODUCT = YES;
			};
			name = Release;
		};
		2D62758728E8769E00F1AD80 /* Debug */ = {
			isa = XCBuildConfiguration;
			buildSettings = {
				ASSETCATALOG_COMPILER_APPICON_NAME = AppIcon;
				ASSETCATALOG_COMPILER_GLOBAL_ACCENT_COLOR_NAME = AccentColor;
				CODE_SIGN_ENTITLEMENTS = macOS/macOS.entitlements;
				CODE_SIGN_STYLE = Automatic;
				COMBINE_HIDPI_IMAGES = YES;
				CURRENT_PROJECT_VERSION = 1;
				ENABLE_PREVIEWS = YES;
				GENERATE_INFOPLIST_FILE = YES;
				INFOPLIST_KEY_NSHumanReadableCopyright = "";
				LD_RUNPATH_SEARCH_PATHS = (
					"$(inherited)",
					"@executable_path/../Frameworks",
				);
				MACOSX_DEPLOYMENT_TARGET = 12.3;
				MARKETING_VERSION = 1.0;
				PRODUCT_BUNDLE_IDENTIFIER = bob.BlackJack;
				PRODUCT_NAME = BlackJack;
				SDKROOT = macosx;
				SWIFT_EMIT_LOC_STRINGS = YES;
				SWIFT_VERSION = 5.0;
			};
			name = Debug;
		};
		2D62758828E8769E00F1AD80 /* Release */ = {
			isa = XCBuildConfiguration;
			buildSettings = {
				ASSETCATALOG_COMPILER_APPICON_NAME = AppIcon;
				ASSETCATALOG_COMPILER_GLOBAL_ACCENT_COLOR_NAME = AccentColor;
				CODE_SIGN_ENTITLEMENTS = macOS/macOS.entitlements;
				CODE_SIGN_STYLE = Automatic;
				COMBINE_HIDPI_IMAGES = YES;
				CURRENT_PROJECT_VERSION = 1;
				ENABLE_PREVIEWS = YES;
				GENERATE_INFOPLIST_FILE = YES;
				INFOPLIST_KEY_NSHumanReadableCopyright = "";
				LD_RUNPATH_SEARCH_PATHS = (
					"$(inherited)",
					"@executable_path/../Frameworks",
				);
				MACOSX_DEPLOYMENT_TARGET = 12.3;
				MARKETING_VERSION = 1.0;
				PRODUCT_BUNDLE_IDENTIFIER = bob.BlackJack;
				PRODUCT_NAME = BlackJack;
				SDKROOT = macosx;
				SWIFT_EMIT_LOC_STRINGS = YES;
				SWIFT_VERSION = 5.0;
			};
			name = Release;
		};
/* End XCBuildConfiguration section */

/* Begin XCConfigurationList section */
		2D62756928E8769C00F1AD80 /* Build configuration list for PBXProject "BlackJack" */ = {
			isa = XCConfigurationList;
			buildConfigurations = (
				2D62758128E8769E00F1AD80 /* Debug */,
				2D62758228E8769E00F1AD80 /* Release */,
			);
			defaultConfigurationIsVisible = 0;
			defaultConfigurationName = Release;
		};
		2D62758328E8769E00F1AD80 /* Build configuration list for PBXNativeTarget "BlackJack (iOS)" */ = {
			isa = XCConfigurationList;
			buildConfigurations = (
				2D62758428E8769E00F1AD80 /* Debug */,
				2D62758528E8769E00F1AD80 /* Release */,
			);
			defaultConfigurationIsVisible = 0;
			defaultConfigurationName = Release;
		};
		2D62758628E8769E00F1AD80 /* Build configuration list for PBXNativeTarget "BlackJack (macOS)" */ = {
			isa = XCConfigurationList;
			buildConfigurations = (
				2D62758728E8769E00F1AD80 /* Debug */,
				2D62758828E8769E00F1AD80 /* Release */,
			);
			defaultConfigurationIsVisible = 0;
			defaultConfigurationName = Release;
		};
/* End XCConfigurationList section */
	};
	rootObject = 2D62756628E8769C00F1AD80 /* Project object */;
}
